
Microsoft Visual Studio Solution File, Format Version 12.00
# Visual Studio Version 16
VisualStudioVersion = 16.0.29613.14
MinimumVisualStudioVersion = 10.0.40219.1
Project("{2150E333-8FDC-42A3-9474-1A3956D46DE8}") = "AccountBalance", "AccountBalance", "{906B91E4-DD2D-4CE0-917B-89B9147337B4}"
EndProject
Project("{2150E333-8FDC-42A3-9474-1A3956D46DE8}") = "2.AccountBalance.Domain", "2.AccountBalance.Domain", "{0635012C-2085-4FB1-AF0A-780FA6E3D162}"
EndProject
Project("{2150E333-8FDC-42A3-9474-1A3956D46DE8}") = "1.AccountBalance.Application", "1.AccountBalance.Application", "{EC6FA5A5-6352-4345-9937-23D9FE032F41}"
EndProject
Project("{2150E333-8FDC-42A3-9474-1A3956D46DE8}") = "3.AccountBalance.Infra", "3.AccountBalance.Infra", "{35161CDE-C001-417E-AC97-765D3179E4AF}"
EndProject
Project("{FAE04EC0-301F-11D3-BF4B-00C04F79EFBC}") = "AccountBalance.Application.API", "AccountBalance.Application.API\AccountBalance.Application.API.csproj", "{7B10FB4A-E239-4ABF-B293-6AD0C7063CB5}"
EndProject
Global
	GlobalSection(SolutionConfigurationPlatforms) = preSolution
		Debug|Any CPU = Debug|Any CPU
		Release|Any CPU = Release|Any CPU
	EndGlobalSection
	GlobalSection(ProjectConfigurationPlatforms) = postSolution
		{7B10FB4A-E239-4ABF-B293-6AD0C7063CB5}.Debug|Any CPU.ActiveCfg = Debug|Any CPU
		{7B10FB4A-E239-4ABF-B293-6AD0C7063CB5}.Debug|Any CPU.Build.0 = Debug|Any CPU
		{7B10FB4A-E239-4ABF-B293-6AD0C7063CB5}.Release|Any CPU.ActiveCfg = Release|Any CPU
		{7B10FB4A-E239-4ABF-B293-6AD0C7063CB5}.Release|Any CPU.Build.0 = Release|Any CPU
	EndGlobalSection
	GlobalSection(SolutionProperties) = preSolution
		HideSolutionNode = FALSE
	EndGlobalSection
	GlobalSection(NestedProjects) = preSolution
		{0635012C-2085-4FB1-AF0A-780FA6E3D162} = {906B91E4-DD2D-4CE0-917B-89B9147337B4}
		{EC6FA5A5-6352-4345-9937-23D9FE032F41} = {906B91E4-DD2D-4CE0-917B-89B9147337B4}
		{35161CDE-C001-417E-AC97-765D3179E4AF} = {906B91E4-DD2D-4CE0-917B-89B9147337B4}
		{7B10FB4A-E239-4ABF-B293-6AD0C7063CB5} = {EC6FA5A5-6352-4345-9937-23D9FE032F41}
	EndGlobalSection
	GlobalSection(ExtensibilityGlobals) = postSolution
		SolutionGuid = {2D380B32-3F4F-45BB-8986-7545C081759F}
	EndGlobalSection
EndGlobal
